
Microsoft Visual Studio Solution File, Format Version 12.00
# Visual Studio 2012
Project("{E24C65DC-7377-472B-9ABA-BC803B73C61A}") = "AppHarbor", ".", "{CC7539F4-0479-4594-89BF-B4CFB5EF28FA}"
	ProjectSection(WebsiteProperties) = preProject
		TargetFrameworkMoniker = ".NETFramework,Version%3Dv4.5"
		Debug.AspNetCompiler.VirtualPath = "/AppHarbor"
		Debug.AspNetCompiler.PhysicalPath = "E:\GitHub\AppHarbor\"
		Debug.AspNetCompiler.TargetPath = "PrecompiledWeb\AppHarbor\"
		Debug.AspNetCompiler.Updateable = "true"
		Debug.AspNetCompiler.ForceOverwrite = "true"
		Debug.AspNetCompiler.FixedNames = "false"
		Debug.AspNetCompiler.Debug = "True"
		Release.AspNetCompiler.VirtualPath = "/AppHarbor"
		Release.AspNetCompiler.PhysicalPath = "E:\GitHub\AppHarbor\"
		Release.AspNetCompiler.TargetPath = "PrecompiledWeb\AppHarbor\"
		Release.AspNetCompiler.Updateable = "true"
		Release.AspNetCompiler.ForceOverwrite = "true"
		Release.AspNetCompiler.FixedNames = "false"
		Release.AspNetCompiler.Debug = "False"
		VWDPort = "33345"
	EndProjectSection
EndProject
Global
	GlobalSection(SolutionConfigurationPlatforms) = preSolution
		Debug|Any CPU = Debug|Any CPU
	EndGlobalSection
	GlobalSection(ProjectConfigurationPlatforms) = postSolution
		{CC7539F4-0479-4594-89BF-B4CFB5EF28FA}.Debug|Any CPU.ActiveCfg = Debug|Any CPU
		{CC7539F4-0479-4594-89BF-B4CFB5EF28FA}.Debug|Any CPU.Build.0 = Debug|Any CPU
	EndGlobalSection
	GlobalSection(SolutionProperties) = preSolution
		HideSolutionNode = FALSE
	EndGlobalSection
EndGlobal
